
Microsoft Visual Studio Solution File, Format Version 12.00
# Visual Studio Version 16
VisualStudioVersion = 16.0.29920.165
MinimumVisualStudioVersion = 10.0.40219.1
Project("{9A19103F-16F7-4668-BE54-9A1E7A4F7556}") = "CADability", "CADability\CADability.csproj", "{B234840A-1F1C-4C53-9789-4EEB82349F98}"
EndProject
Project("{9A19103F-16F7-4668-BE54-9A1E7A4F7556}") = "CADability.App5", "CADability.App5\CADability.App5.csproj", "{D97EA3EB-DB8F-49FC-AA51-4E30FC5F01DC}"
EndProject
Project("{9A19103F-16F7-4668-BE54-9A1E7A4F7556}") = "CADability.Forms5", "CADability.Forms5\CADability.Forms5.csproj", "{ACB835FF-7AC8-4C49-9AC2-606C8E508E5E}"
EndProject
Global
	GlobalSection(SolutionConfigurationPlatforms) = preSolution
		Debug|Any CPU = Debug|Any CPU
		Release|Any CPU = Release|Any CPU
	EndGlobalSection
	GlobalSection(ProjectConfigurationPlatforms) = postSolution
		{B234840A-1F1C-4C53-9789-4EEB82349F98}.Debug|Any CPU.ActiveCfg = Debug|Any CPU
		{B234840A-1F1C-4C53-9789-4EEB82349F98}.Debug|Any CPU.Build.0 = Debug|Any CPU
		{B234840A-1F1C-4C53-9789-4EEB82349F98}.Release|Any CPU.ActiveCfg = Release|Any CPU
		{B234840A-1F1C-4C53-9789-4EEB82349F98}.Release|Any CPU.Build.0 = Release|Any CPU
		{D97EA3EB-DB8F-49FC-AA51-4E30FC5F01DC}.Debug|Any CPU.ActiveCfg = Debug|Any CPU
		{D97EA3EB-DB8F-49FC-AA51-4E30FC5F01DC}.Debug|Any CPU.Build.0 = Debug|Any CPU
		{D97EA3EB-DB8F-49FC-AA51-4E30FC5F01DC}.Release|Any CPU.ActiveCfg = Release|Any CPU
		{D97EA3EB-DB8F-49FC-AA51-4E30FC5F01DC}.Release|Any CPU.Build.0 = Release|Any CPU
		{ACB835FF-7AC8-4C49-9AC2-606C8E508E5E}.Debug|Any CPU.ActiveCfg = Debug|Any CPU
		{ACB835FF-7AC8-4C49-9AC2-606C8E508E5E}.Debug|Any CPU.Build.0 = Debug|Any CPU
		{ACB835FF-7AC8-4C49-9AC2-606C8E508E5E}.Release|Any CPU.ActiveCfg = Release|Any CPU
		{ACB835FF-7AC8-4C49-9AC2-606C8E508E5E}.Release|Any CPU.Build.0 = Release|Any CPU
	EndGlobalSection
	GlobalSection(SolutionProperties) = preSolution
		HideSolutionNode = FALSE
	EndGlobalSection
	GlobalSection(ExtensibilityGlobals) = postSolution
		SolutionGuid = {A0488D96-CE5E-4E02-8E1A-0D54ECB5FF81}
	EndGlobalSection
EndGlobal
